github.com/bitly/go-simplejson v0.5.0 h1:6IH+V8/tVMab511d5bn4M7EwGXZf9Hj6i2xSwkNEM+Y=
github.com/bitly/go-simplejson v0.5.0/go.mod h1:cXHtHw4XUPsvGaxgjIAn8PhEWG9NfngEKAMDJEczWVA=
github.com/qiniu/api.v7 v7.2.5+incompatible h1:6KKaGt7MbFzVGSniwzv7qsM/Qv0or4SkRJfmak8LqZE=
github.com/qiniu/api.v7 v7.2.5+incompatible/go.mod h1:V8/EzlTgLN6q0s0CJmg/I81ytsvldSF22F7h6MI02+c=
github.com/qiniu/x v7.0.8+incompatible h1:P4LASsfwJY7SoZ13dwqBwGhZh7HKU8cdFVCUkmz0gZ8=
github.com/qiniu/x v7.0.8+incompatible/go.mod h1:KpRKWYG/GaidPQVpoQ2Cvuvtts3gYnoo2PftgdmAiU4=
github.com/satori/go.uuid v1.2.0 h1:0uYX9dsZ2yD7q2RtLRtPSdGDWzjeM3TbMJP9utgA0ww=
github.com/satori/go.uuid v1.2.0/go.mod h1:dA0hQrYB0VpLJoorglMZABFdXlWrHn1NEOzdhQKdks0=
github.com/tencentyun/go-sdk v2.0.4+incompatible h1:0uLI3F/DHuHqdWL2RKN8wtRWF5NJwA01AjXQEHHxOLU=
github.com/tencentyun/go-sdk v2.0.4+incompatible/go.mod h1:9sWrHEQHdyq5ztiwaJif1SE5KjoweQSyND3wPbv4sFU=
github.com/tencentyun/image-go-sdk v2.0.4+incompatible h1:EYx6S7Cdb7mPVBOklR/O2OyiD9SETNWfkLwJd5HfBxw=
github.com/tencentyun/image-go-sdk v2.0.4+incompatible/go.mod h1:EbFLXmzkHd0uiirT4HrG4LBJx2INEHecfecT/1g1ovs=
github.com/upyun/go-sdk v2.1.0+incompatible h1:OdjXghQ/TVetWV16Pz3C1/SUpjhGBVPr+cLiqZLLyq0=
github.com/upyun/go-sdk v2.1.0+incompatible/go.mod h1:eu3F5Uz4b9ZE5bE5QsCL6mgSNWRwfj0zpJ9J626HEqs=
golang.org/x/net v0.0.0-20190301231341-16b79f2e4e95 h1:fY7Dsw114eJN4boqzVSbpVHO6rTdhq6/GnXeu+PKnzU=
golang.org/x/net v0.0.0-20190301231341-16b79f2e4e95/go.mod h1:mL1N/T3taQHkDXs73rZJwtUhF3w3ftmwwsq0BUmARs4=
qiniupkg.com/x v7.0.8+incompatible h1:Ek0ZVi5IyaWUAFkJbPRiqlh34xDM4uoKw7KqdpankvU=
qiniupkg.com/x v7.0.8+incompatible/go.mod h1:6sLxR5IZ03vMaRAQAY/5MvzofeoBIjO4XE0Njv6V1ms=
